[1mdiff --git a/prisma/schema.prisma b/prisma/schema.prisma[m
[1mindex e4499e8..efc5a33 100644[m
[1m--- a/prisma/schema.prisma[m
[1m+++ b/prisma/schema.prisma[m
[36m@@ -208,6 +208,10 @@[m [mmodel User {[m
   deposits CoinDeposit[][m
   messagesSent DirectMessage[] @relation("MsgFrom")[m
   messagesReceived DirectMessage[] @relation("MsgTo")[m
[32m+[m[32m  conversationClearsOwned ConversationClear[] @relation("ClearOwner")[m
[32m+[m[32m  conversationClearsAsPeer ConversationClear[] @relation("ClearPeer")[m
[32m+[m[32m  callsMade   Call[] @relation("CallCaller")[m
[32m+[m[32m  callsReceived Call[] @relation("CallCallee")[m
   blocksMade UserBlock[] @relation("Blocker")[m
   blocksReceived UserBlock[] @relation("Blocked")[m
 }[m
[36m@@ -312,6 +316,7 @@[m [mmodel Bot {[m
   source        String    @default("manual")[m
   generatedFile String?[m
   generatedFileName String?[m
[32m+[m[32m  panelSessionId String?[m
   owner         User      @relation(fields: [ownerId], references: [id], onDelete: Cascade)[m
   events        BotEvent[][m
   commands      BotCommand[][m
[36m@@ -1082,20 +1087,70 @@[m [mmodel ReferralClick {[m
 }[m
 [m
 model DirectMessage {[m
[31m-  id        String    @id @default(cuid())[m
[31m-  fromId    String[m
[31m-  toId      String[m
[31m-  content   String[m
[31m-  readAt    DateTime?[m
[31m-  createdAt DateTime  @default(now())[m
[32m+[m[32m  id          String    @id @default(cuid())[m
[32m+[m[32m  fromId      String[m
[32m+[m[32m  toId        String[m
[32m+[m[32m  content     String[m
[32m+[m[32m  readAt      DateTime?[m
[32m+[m[32m  createdAt   DateTime  @default(now())[m
[32m+[m[32m  /** Set when the sender deletes this message "for everyone"; content is cleared. */[m
[32m+[m[32m  deletedAt   DateTime?[m
[32m+[m[32m  replyToId   String?[m
 [m
[31m-  from User @relation("MsgFrom", fields: [fromId], references: [id], onDelete: Cascade)[m
[31m-  to   User @relation("MsgTo", fields: [toId], references: [id], onDelete: Cascade)[m
[32m+[m[32m  from    User            @relation("MsgFrom", fields: [fromId], references: [id], onDelete: Cascade)[m
[32m+[m[32m  to      User             @relation("MsgTo", fields: [toId], references: [id], onDelete: Cascade)[m
[32m+[m[32m  replyTo DirectMessage?  @relation("MsgReply", fields: [replyToId], references: [id], onDelete: SetNull)[m
[32m+[m[32m  replies DirectMessage[] @relation("MsgReply")[m
 [m
   @@index([fromId, toId, createdAt])[m
   @@index([toId, readAt])[m
 }[m
 [m
[32m+[m[32m/** Per-user "delete chat" — clears a conversation from one side only, like most chat apps. */[m
[32m+[m[32mmodel ConversationClear {[m
[32m+[m[32m  id        String   @id @default(cuid())[m
[32m+[m[32m  userId    String[m
[32m+[m[32m  peerId    String[m
[32m+[m[32m  clearedAt DateTime @default(now())[m
[32m+[m
[32m+[m[32m  user User @relation("ClearOwner", fields: [userId], references: [id], onDelete: Cascade)[m
[32m+[m[32m  peer User @relation("ClearPeer", fields: [peerId], references: [id], onDelete: Cascade)[m
[32m+[m
[32m+[m[32m  @@unique([userId, peerId])[m
[32m+[m[32m}[m
[32m+[m
[32m+[m[32m/** A 1:1 voice/video call. Signaling (offer/answer/ICE) is relayed through CallSignal rows. */[m
[32m+[m[32mmodel Call {[m
[32m+[m[32m  id         String    @id @default(cuid())[m
[32m+[m[32m  callerId   String[m
[32m+[m[32m  calleeId   String[m
[32m+[m[32m  video      Boolean   @default(false)[m
[32m+[m[32m  status     String    @default("RINGING") // RINGING | ACCEPTED | DECLINED | MISSED | ENDED[m
[32m+[m[32m  startedAt  DateTime  @default(now())[m
[32m+[m[32m  answeredAt DateTime?[m
[32m+[m[32m  endedAt    DateTime?[m
[32m+[m
[32m+[m[32m  caller  User         @relation("CallCaller", fields: [callerId], references: [id], onDelete: Cascade)[m
[32m+[m[32m  callee  User         @relation("CallCallee", fields: [calleeId], references: [id], onDelete: Cascade)[m
[32m+[m[32m  signals CallSignal[][m
[32m+[m
[32m+[m[32m  @@index([calleeId, status])[m
[32m+[m[32m  @@index([callerId, status])[m
[32m+[m[32m}[m
[32m+[m
[32m+[m[32mmodel CallSignal {[m
[32m+[m[32m  id        String   @id @default(cuid())[m
[32m+[m[32m  callId    String[m
[32m+[m[32m  fromId    String[m
[32m+[m[32m  kind      String // offer | answer | candidate | hangup[m
[32m+[m[32m  payload   String @db.Text[m
[32m+[m[32m  createdAt DateTime @default(now())[m
[32m+[m
[32m+[m[32m  call Call @relation(fields: [callId], references: [id], onDelete: Cascade)[m
[32m+[m
[32m+[m[32m  @@index([callId, createdAt])[m
[32m+[m[32m}[m
[32m+[m
 model UserBlock {[m
   id        String   @id @default(cuid())[m
   blockerId String[m
